// !$*UTF8*$!
{
	archiveVersion = 1;
	classes = {
	};
	objectVersion = 56;
	objects = {

/* Begin PBXBuildFile section */
		2AA3E70C294B3DE000DD5EF0 /* EventKit_EventApp.swift in Sources */ = {isa = PBXBuildFile; fileRef = 2AA3E70B294B3DE000DD5EF0 /* EventKit_EventApp.swift */; };
		2AA3E70E294B3DE000DD5EF0 /* ContentView.swift in Sources */ = {isa = PBXBuildFile; fileRef = 2AA3E70D294B3DE000DD5EF0 /* ContentView.swift */; };
		2AA3E710294B3DE100DD5EF0 /* Assets.xcassets in Resources */ = {isa = PBXBuildFile; fileRef = 2AA3E70F294B3DE100DD5EF0 /* Assets.xcassets */; };
		2AA3E713294B3DE100DD5EF0 /* Preview Assets.xcassets in Resources */ = {isa = PBXBuildFile; fileRef = 2AA3E712294B3DE100DD5EF0 /* Preview Assets.xcassets */; };
		2AA3E71C294B3EA400DD5EF0 /* EventManager.swift in Sources */ = {isa = PBXBuildFile; fileRef = 2AA3E71B294B3EA400DD5EF0 /* EventManager.swift */; };
		2AA3E71E294B58A000DD5EF0 /* CreateEventView.swift in Sources */ = {isa = PBXBuildFile; fileRef = 2AA3E71D294B58A000DD5EF0 /* CreateEventView.swift */; };
		2AA3E720294B713600DD5EF0 /* EventView.swift in Sources */ = {isa = PBXBuildFile; fileRef = 2AA3E71F294B713600DD5EF0 /* EventView.swift */; };
		2AD8D049294C105100E3937A /* Localizable.strings in Resources */ = {isa = PBXBuildFile; fileRef = 2AD8D04B294C105100E3937A /* Localizable.strings */; };
/* End PBXBuildFile section */

/* Begin PBXFileReference section */
		2AA3E708294B3DE000DD5EF0 /* EventKit-Event.app */ = {isa = PBXFileReference; explicitFileType = wrapper.application; includeInIndex = 0; path = "EventKit-Event.app"; sourceTree = BUILT_PRODUCTS_DIR; };
		2AA3E70B294B3DE000DD5EF0 /* EventKit_EventApp.swift */ = {isa = PBXFileReference; lastKnownFileType = sourcecode.swift; path = EventKit_EventApp.swift; sourceTree = "<group>"; };
		2AA3E70D294B3DE000DD5EF0 /* ContentView.swift */ = {isa = PBXFileReference; lastKnownFileType = sourcecode.swift; path = ContentView.swift; sourceTree = "<group>"; };
		2AA3E70F294B3DE100DD5EF0 /* Assets.xcassets */ = {isa = PBXFileReference; lastKnownFileType = folder.assetcatalog; path = Assets.xcassets; sourceTree = "<group>"; };
		2AA3E712294B3DE100DD5EF0 /* Preview Assets.xcassets */ = {isa = PBXFileReference; lastKnownFileType = folder.assetcatalog; path = "Preview Assets.xcassets"; sourceTree = "<group>"; };
		2AA3E71B294B3EA400DD5EF0 /* EventManager.swift */ = {isa = PBXFileReference; lastKnownFileType = sourcecode.swift; path = EventManager.swift; sourceTree = "<group>"; };
		2AA3E71D294B58A000DD5EF0 /* CreateEventView.swift */ = {isa = PBXFileReference; lastKnownFileType = sourcecode.swift; path = CreateEventView.swift; sourceTree = "<group>"; };
		2AA3E71F294B713600DD5EF0 /* EventView.swift */ = {isa = PBXFileReference; lastKnownFileType = sourcecode.swift; path = EventView.swift; sourceTree = "<group>"; };
		2AD8D04A294C105100E3937A /* en */ = {isa = PBXFileReference; lastKnownFileType = text.plist.strings; name = en; path = en.lproj/Localizable.strings; sourceTree = "<group>"; };
		2AD8D04C294C105500E3937A /* ja */ = {isa = PBXFileReference; lastKnownFileType = text.plist.strings; name = ja; path = ja.lproj/Localizable.strings; sourceTree = "<group>"; };
/* End PBXFileReference section */

/* Begin PBXFrameworksBuildPhase section */
		2AA3E705294B3DE000DD5EF0 /* Frameworks */ = {
			isa = PBXFrameworksBuildPhase;
			buildActionMask = 2147483647;
			files = (
			);
			runOnlyForDeploymentPostprocessing = 0;
		};
/* End PBXFrameworksBuildPhase section */

/* Begin PBXGroup section */
		2AA3E6FF294B3DE000DD5EF0 = {
			isa = PBXGroup;
			children = (
				2AA3E70A294B3DE000DD5EF0 /* EventKit-Event */,
				2AA3E709294B3DE000DD5EF0 /* Products */,
			);
			sourceTree = "<group>";
		};
		2AA3E709294B3DE000DD5EF0 /* Products */ = {
			isa = PBXGroup;
			children = (
				2AA3E708294B3DE000DD5EF0 /* EventKit-Event.app */,
			);
			name = Products;
			sourceTree = "<group>";
		};
		2AA3E70A294B3DE000DD5EF0 /* EventKit-Event */ = {
			isa = PBXGroup;
			children = (
				2AA3E70B294B3DE000DD5EF0 /* EventKit_EventApp.swift */,
				2AA3E70D294B3DE000DD5EF0 /* ContentView.swift */,
				2AA3E71B294B3EA400DD5EF0 /* EventManager.swift */,
				2AA3E71D294B58A000DD5EF0 /* CreateEventView.swift */,
				2AA3E71F294B713600DD5EF0 /* EventView.swift */,
				2AA3E70F294B3DE100DD5EF0 /* Assets.xcassets */,
				2AA3E711294B3DE100DD5EF0 /* Preview Content */,
				2AD8D04B294C105100E3937A /* Localizable.strings */,
			);
			path = "EventKit-Event";
			sourceTree = "<group>";
		};
		2AA3E711294B3DE100DD5EF0 /* Preview Content */ = {
			isa = PBXGroup;
			children = (
				2AA3E712294B3DE100DD5EF0 /* Preview Assets.xcassets */,
			);
			path = "Preview Content";
			sourceTree = "<group>";
		};
/* End PBXGroup section */

/* Begin PBXNativeTarget section */
		2AA3E707294B3DE000DD5EF0 /* EventKit-Event */ = {
			isa = PBXNativeTarget;
			buildConfigurationList = 2AA3E716294B3DE100DD5EF0 /* Build configuration list for PBXNativeTarget "EventKit-Event" */;
			buildPhases = (
				2AA3E704294B3DE000DD5EF0 /* Sources */,
				2AA3E705294B3DE000DD5EF0 /* Frameworks */,
				2AA3E706294B3DE000DD5EF0 /* Resources */,
			);
			buildRules = (
			);
			dependencies = (
			);
			name = "EventKit-Event";
			productName = "EventKit-Event";
			productReference = 2AA3E708294B3DE000DD5EF0 /* EventKit-Event.app */;
			productType = "com.apple.product-type.application";
		};
/* End PBXNativeTarget section */

/* Begin PBXProject section */
		2AA3E700294B3DE000DD5EF0 /* Project object */ = {
			isa = PBXProject;
			attributes = {
				BuildIndependentTargetsInParallel = 1;
				LastSwiftUpdateCheck = 1420;
				LastUpgradeCheck = 1420;
				TargetAttributes = {
					2AA3E707294B3DE000DD5EF0 = {
						CreatedOnToolsVersion = 14.2;
					};
				};
			};
			buildConfigurationList = 2AA3E703294B3DE000DD5EF0 /* Build configuration list for PBXProject "EventKit-Event" */;
			compatibilityVersion = "Xcode 14.0";
			developmentRegion = en;
			hasScannedForEncodings = 0;
			knownRegions = (
				en,
				Base,
				ja,
			);
			mainGroup = 2AA3E6FF294B3DE000DD5EF0;
			productRefGroup = 2AA3E709294B3DE000DD5EF0 /* Products */;
			projectDirPath = "";
			projectRoot = "";
			targets = (
				2AA3E707294B3DE000DD5EF0 /* EventKit-Event */,
			);
		};
/* End PBXProject section */

/* Begin PBXResourcesBuildPhase section */
		2AA3E706294B3DE000DD5EF0 /* Resources */ = {
			isa = PBXResourcesBuildPhase;
			buildActionMask = 2147483647;
			files = (
				2AA3E713294B3DE100DD5EF0 /* Preview Assets.xcassets in Resources */,
				2AD8D049294C105100E3937A /* Localizable.strings in Resources */,
				2AA3E710294B3DE100DD5EF0 /* Assets.xcassets in Resources */,
			);
			runOnlyForDeploymentPostprocessing = 0;
		};
/* End PBXResourcesBuildPhase section */

/* Begin PBXSourcesBuildPhase section */
		2AA3E704294B3DE000DD5EF0 /* Sources */ = {
			isa = PBXSourcesBuildPhase;
			buildActionMask = 2147483647;
			files = (
				2AA3E71C294B3EA400DD5EF0 /* EventManager.swift in Sources */,
				2AA3E71E294B58A000DD5EF0 /* CreateEventView.swift in Sources */,
				2AA3E70E294B3DE000DD5EF0 /* ContentView.swift in Sources */,
				2AA3E70C294B3DE000DD5EF0 /* EventKit_EventApp.swift in Sources */,
				2AA3E720294B713600DD5EF0 /* EventView.swift in Sources */,
			);
			runOnlyForDeploymentPostprocessing = 0;
		};
/* End PBXSourcesBuildPhase section */

/* Begin PBXVariantGroup section */
		2AD8D04B294C105100E3937A /* Localizable.strings */ = {
			isa = PBXVariantGroup;
			children = (
				2AD8D04A294C105100E3937A /* en */,
				2AD8D04C294C105500E3937A /* ja */,
			);
			name = Localizable.strings;
			sourceTree = "<group>";
		};
/* End PBXVariantGroup section */

/* Begin XCBuildConfiguration section */
		2AA3E714294B3DE100DD5EF0 /* Debug */ = {
			isa = XCBuildConfiguration;
			buildSettings = {
				ALWAYS_SEARCH_USER_PATHS = NO;
				CLANG_ANALYZER_NONNULL = YES;
				CLANG_ANALYZER_NUMBER_OBJECT_CONVERSION = YES_AGGRESSIVE;
				CLANG_CXX_LANGUAGE_STANDARD = "gnu++20";
				CLANG_ENABLE_MODULES = YES;
				CLANG_ENABLE_OBJC_ARC = YES;
				CLANG_ENABLE_OBJC_WEAK = YES;
				CLANG_WARN_BLOCK_CAPTURE_AUTORELEASING = YES;
				CLANG_WARN_BOOL_CONVERSION = YES;
				CLANG_WARN_COMMA = YES;
				CLANG_WARN_CONSTANT_CONVERSION = YES;
				CLANG_WARN_DEPRECATED_OBJC_IMPLEMENTATIONS = YES;
				CLANG_WARN_DIRECT_OBJC_ISA_USAGE = YES_ERROR;
				CLANG_WARN_DOCUMENTATION_COMMENTS = YES;
				CLANG_WARN_EMPTY_BODY = YES;
				CLANG_WARN_ENUM_CONVERSION = YES;
				CLANG_WARN_INFINITE_RECURSION = YES;
				CLANG_WARN_INT_CONVERSION = YES;
				CLANG_WARN_NON_LITERAL_NULL_CONVERSION = YES;
				CLANG_WARN_OBJC_IMPLICIT_RETAIN_SELF = YES;
				CLANG_WARN_OBJC_LITERAL_CONVERSION = YES;
				CLANG_WARN_OBJC_ROOT_CLASS = YES_ERROR;
				CLANG_WARN_QUOTED_INCLUDE_IN_FRAMEWORK_HEADER = YES;
				CLANG_WARN_RANGE_LOOP_ANALYSIS = YES;
				CLANG_WARN_STRICT_PROTOTYPES = YES;
				CLANG_WARN_SUSPICIOUS_MOVE = YES;
				CLANG_WARN_UNGUARDED_AVAILABILITY = YES_AGGRESSIVE;
				CLANG_WARN_UNREACHABLE_CODE = YES;
				CLANG_WARN__DUPLICATE_METHOD_MATCH = YES;
				COPY_PHASE_STRIP = NO;
				DEBUG_INFORMATION_FORMAT = dwarf;
				ENABLE_STRICT_OBJC_MSGSEND = YES;
				ENABLE_TESTABILITY = YES;
				GCC_C_LANGUAGE_STANDARD = gnu11;
				GCC_DYNAMIC_NO_PIC = NO;
				GCC_NO_COMMON_BLOCKS = YES;
				GCC_OPTIMIZATION_LEVEL = 0;
				GCC_PREPROCESSOR_DEFINITIONS = (
					"DEBUG=1",
					"$(inherited)",
				);
				GCC_WARN_64_TO_32_BIT_CONVERSION = YES;
				GCC_WARN_ABOUT_RETURN_TYPE = YES_ERROR;
				GCC_WARN_UNDECLARED_SELECTOR = YES;
				GCC_WARN_UNINITIALIZED_AUTOS = YES_AGGRESSIVE;
				GCC_WARN_UNUSED_FUNCTION = YES;
				GCC_WARN_UNUSED_VARIABLE = YES;
				IPHONEOS_DEPLOYMENT_TARGET = 16.2;
				MTL_ENABLE_DEBUG_INFO = INCLUDE_SOURCE;
				MTL_FAST_MATH = YES;
				ONLY_ACTIVE_ARCH = YES;
				SDKROOT = iphoneos;
				SWIFT_ACTIVE_COMPILATION_CONDITIONS = DEBUG;
				SWIFT_OPTIMIZATION_LEVEL = "-Onone";
			};
			name = Debug;
		};
		2AA3E715294B3DE100DD5EF0 /* Release */ = {
			isa = XCBuildConfiguration;
			buildSettings = {
				ALWAYS_SEARCH_USER_PATHS = NO;
				CLANG_ANALYZER_NONNULL = YES;
				CLANG_ANALYZER_NUMBER_OBJECT_CONVERSION = YES_AGGRESSIVE;
				CLANG_CXX_LANGUAGE_STANDARD = "gnu++20";
				CLANG_ENABLE_MODULES = YES;
				CLANG_ENABLE_OBJC_ARC = YES;
				CLANG_ENABLE_OBJC_WEAK = YES;
				CLANG_WARN_BLOCK_CAPTURE_AUTORELEASING = YES;
				CLANG_WARN_BOOL_CONVERSION = YES;
				CLANG_WARN_COMMA = YES;
				CLANG_WARN_CONSTANT_CONVERSION = YES;
				CLANG_WARN_DEPRECATED_OBJC_IMPLEMENTATIONS = YES;
				CLANG_WARN_DIRECT_OBJC_ISA_USAGE = YES_ERROR;
				CLANG_WARN_DOCUMENTATION_COMMENTS = YES;
				CLANG_WARN_EMPTY_BODY = YES;
				CLANG_WARN_ENUM_CONVERSION = YES;
				CLANG_WARN_INFINITE_RECURSION = YES;
				CLANG_WARN_INT_CONVERSION = YES;
				CLANG_WARN_NON_LITERAL_NULL_CONVERSION = YES;
				CLANG_WARN_OBJC_IMPLICIT_RETAIN_SELF = YES;
				CLANG_WARN_OBJC_LITERAL_CONVERSION = YES;
				CLANG_WARN_OBJC_ROOT_CLASS = YES_ERROR;
				CLANG_WARN_QUOTED_INCLUDE_IN_FRAMEWORK_HEADER = YES;
				CLANG_WARN_RANGE_LOOP_ANALYSIS = YES;
				CLANG_WARN_STRICT_PROTOTYPES = YES;
				CLANG_WARN_SUSPICIOUS_MOVE = YES;
				CLANG_WARN_UNGUARDED_AVAILABILITY = YES_AGGRESSIVE;
				CLANG_WARN_UNREACHABLE_CODE = YES;
				CLANG_WARN__DUPLICATE_METHOD_MATCH = YES;
				COPY_PHASE_STRIP = NO;
				DEBUG_INFORMATION_FORMAT = "dwarf-with-dsym";
				ENABLE_NS_ASSERTIONS = NO;
				ENABLE_STRICT_OBJC_MSGSEND = YES;
				GCC_C_LANGUAGE_STANDARD = gnu11;
				GCC_NO_COMMON_BLOCKS = YES;
				GCC_WARN_64_TO_32_BIT_CONVERSION = YES;
				GCC_WARN_ABOUT_RETURN_TYPE = YES_ERROR;
				GCC_WARN_UNDECLARED_SELECTOR = YES;
				GCC_WARN_UNINITIALIZED_AUTOS = YES_AGGRESSIVE;
				GCC_WARN_UNUSED_FUNCTION = YES;
				GCC_WARN_UNUSED_VARIABLE = YES;
				IPHONEOS_DEPLOYMENT_TARGET = 16.2;
				MTL_ENABLE_DEBUG_INFO = NO;
				MTL_FAST_MATH = YES;
				SDKROOT = iphoneos;
				SWIFT_COMPILATION_MODE = wholemodule;
				SWIFT_OPTIMIZATION_LEVEL = "-O";
				VALIDATE_PRODUCT = YES;
			};
			name = Release;
		};
		2AA3E717294B3DE100DD5EF0 /* Debug */ = {
			isa = XCBuildConfiguration;
			buildSettings = {
				ASSETCATALOG_COMPILER_APPICON_NAME = AppIcon;
				ASSETCATALOG_COMPILER_GLOBAL_ACCENT_COLOR_NAME = AccentColor;
				CODE_SIGN_STYLE = Automatic;
				CURRENT_PROJECT_VERSION = 1;
				DEVELOPMENT_ASSET_PATHS = "\"EventKit-Event/Preview Content\"";
				DEVELOPMENT_TEAM = BGS5U89ZQT;
				ENABLE_PREVIEWS = YES;
				GENERATE_INFOPLIST_FILE = YES;
				INFOPLIST_KEY_NSCalendarsUsageDescription = "カレンダーは、イベントの表示に使用されます。";
				INFOPLIST_KEY_UIApplicationSceneManifest_Generation = YES;
				INFOPLIST_KEY_UIApplicationSupportsIndirectInputEvents = YES;
				INFOPLIST_KEY_UILaunchScreen_Generation = YES;
				INFOPLIST_KEY_UISupportedInterfaceOrientations_iPad = "UIInterfaceOrientationPortrait UIInterfaceOrientationPortraitUpsideDown UIInterfaceOrientationLandscapeLeft UIInterfaceOrientationLandscapeRight";
				INFOPLIST_KEY_UISupportedInterfaceOrientations_iPhone = "UIInterfaceOrientationPortrait UIInterfaceOrientationLandscapeLeft UIInterfaceOrientationLandscapeRight";
				LD_RUNPATH_SEARCH_PATHS = (
					"$(inherited)",
					"@executable_path/Frameworks",
				);
				MARKETING_VERSION = 1.0;
				PRODUCT_BUNDLE_IDENTIFIER = "jp.jec.ac.cm.EventKit-Event";
				PRODUCT_NAME = "$(TARGET_NAME)";
				SWIFT_EMIT_LOC_STRINGS = YES;
				SWIFT_VERSION = 5.0;
				TARGETED_DEVICE_FAMILY = "1,2";
			};
			name = Debug;
		};
		2AA3E718294B3DE100DD5EF0 /* Release */ = {
			isa = XCBuildConfiguration;
			buildSettings = {
				ASSETCATALOG_COMPILER_APPICON_NAME = AppIcon;
				ASSETCATALOG_COMPILER_GLOBAL_ACCENT_COLOR_NAME = AccentColor;
				CODE_SIGN_STYLE = Automatic;
				CURRENT_PROJECT_VERSION = 1;
				DEVELOPMENT_ASSET_PATHS = "\"EventKit-Event/Preview Content\"";
				DEVELOPMENT_TEAM = BGS5U89ZQT;
				ENABLE_PREVIEWS = YES;
				GENERATE_INFOPLIST_FILE = YES;
				INFOPLIST_KEY_NSCalendarsUsageDescription = "カレンダーは、イベントの表示に使用されます。";
				INFOPLIST_KEY_UIApplicationSceneManifest_Generation = YES;
				INFOPLIST_KEY_UIApplicationSupportsIndirectInputEvents = YES;
				INFOPLIST_KEY_UILaunchScreen_Generation = YES;
				INFOPLIST_KEY_UISupportedInterfaceOrientations_iPad = "UIInterfaceOrientationPortrait UIInterfaceOrientationPortraitUpsideDown UIInterfaceOrientationLandscapeLeft UIInterfaceOrientationLandscapeRight";
				INFOPLIST_KEY_UISupportedInterfaceOrientations_iPhone = "UIInterfaceOrientationPortrait UIInterfaceOrientationLandscapeLeft UIInterfaceOrientationLandscapeRight";
				IPHONEOS_DEPLOYMENT_TARGET = 16.0;
				LD_RUNPATH_SEARCH_PATHS = (
					"$(inherited)",
					"@executable_path/Frameworks",
				);
				MARKETING_VERSION = 1.0;
				PRODUCT_BUNDLE_IDENTIFIER = "jp.jec.ac.cm.EventKit-Event";
				PRODUCT_NAME = "$(TARGET_NAME)";
				SWIFT_EMIT_LOC_STRINGS = YES;
				SWIFT_VERSION = 5.0;
				TARGETED_DEVICE_FAMILY = "1,2";
			};
			name = Release;
		};
/* End XCBuildConfiguration section */

/* Begin XCConfigurationList section */
		2AA3E703294B3DE000DD5EF0 /* Build configuration list for PBXProject "EventKit-Event" */ = {
			isa = XCConfigurationList;
			buildConfigurations = (
				2AA3E714294B3DE100DD5EF0 /* Debug */,
				2AA3E715294B3DE100DD5EF0 /* Release */,
			);
			defaultConfigurationIsVisible = 0;
			defaultConfigurationName = Release;
		};
		2AA3E716294B3DE100DD5EF0 /* Build configuration list for PBXNativeTarget "EventKit-Event" */ = {
			isa = XCConfigurationList;
			buildConfigurations = (
				2AA3E717294B3DE100DD5EF0 /* Debug */,
				2AA3E718294B3DE100DD5EF0 /* Release */,
			);
			defaultConfigurationIsVisible = 0;
			defaultConfigurationName = Release;
		};
/* End XCConfigurationList section */
	};
	rootObject = 2AA3E700294B3DE000DD5EF0 /* Project object */;
}
